annotated-doc==0.0.5
annotated-types==0.8.0
anyio==4.15.1
boto3==1.42.30
botocore==1.42.97
certifi==2026.7.22
click==8.5.0
fastapi==0.128.0
h11==0.16.0
httpcore==1.0.9
httpx==0.28.1
idna==3.20
iniconfig==2.3.0
jmespath==1.1.0
packaging==26.3
pluggy==1.6.0
psycopg==3.3.2
psycopg-binary==3.3.2
pydantic==2.13.5
pydantic_core==2.46.5
Pygments==2.21.0
pytest==9.0.2
python-dateutil==2.9.0.post0
ruff==0.14.13
s3transfer==0.16.1
six==1.17.0
starlette==0.50.0
typing-inspection==0.4.4
typing_extensions==4.16.0
urllib3==2.8.0
uvicorn==0.40.0
